<?xml version="1.0" encoding="utf-8"?>
<Project ToolsVersion="4.0" xmlns="http://schemas.microsoft.com/developer/msbuild/2003">
  <ItemGroup>
    <Filter Include="Source files">
      <UniqueIdentifier>{5f67ab14-bef9-4ed5-bfa2-87377278e7a4}</UniqueIdentifier>
      <Extensions>cpp;c;cc;cxx;def;odl;idl;hpj;bat;asm;asmx</Extensions>
    </Filter>
    <Filter Include="Header files">
      <UniqueIdentifier>{663836b4-c8c4-4a29-9c25-6de6060f7452}</UniqueIdentifier>
      <Extensions>h;hpp;hxx;hm;inl;inc;xsd</Extensions>
    </Filter>
    <Filter Include="Resource files">
      <UniqueIdentifier>{111b53f2-17ba-4086-97df-e24a39e52084}</UniqueIdentifier>
      <Extensions>rc;ico;cur;bmp;dlg;rc2;rct;bin;rgs;gif;jpg;jpeg;jpe;resx;tiff;tif;png;wav</Extensions>
    </Filter>
    <Filter Include="Header files\Storage">
      <UniqueIdentifier>{92c8c2ff-f023-451e-af9a-138241cfb25e}</UniqueIdentifier>
    </Filter>
    <Filter Include="Header files\Worker">
      <UniqueIdentifier>{37352bf8-267a-4042-bf34-d3765adf7147}</UniqueIdentifier>
    </Filter>
    <Filter Include="Header files\Session">
      <UniqueIdentifier>{c4d96809-c0c3-479d-be1b-fd45838664b6}</UniqueIdentifier>
    </Filter>
    <Filter Include="Source files\Session">
      <UniqueIdentifier>{b7cd0509-f0ba-4127-a175-f31837090ccd}</UniqueIdentifier>
    </Filter>
    <Filter Include="Source files\Worker">
      <UniqueIdentifier>{97082604-fddf-4e84-ab7f-10f7efbe8a34}</UniqueIdentifier>
    </Filter>
    <Filter Include="Source files\Storage">
      <UniqueIdentifier>{cc2a73f8-1b31-475d-a21f-d50b763dfda5}</UniqueIdentifier>
    </Filter>
    <Filter Include="Header files\Streams">
      <UniqueIdentifier>{eb5b6ef3-624c-43ae-85df-f476cf5ddd3b}</UniqueIdentifier>
    </Filter>
    <Filter Include="Header files\Storage\Simtrace">
      <UniqueIdentifier>{b6501415-ab8d-4f34-b9b1-7a6a5b222746}</UniqueIdentifier>
    </Filter>
    <Filter Include="Source files\Storage\Simtrace">
      <UniqueIdentifier>{113f6d0d-88f4-4b6e-a5b6-1ba27eff64e5}</UniqueIdentifier>
    </Filter>
    <Filter Include="Header files\Storage\Simtrace\vpc4">
      <UniqueIdentifier>{7bd4b87e-db20-4e5d-9add-f42db8dce8a8}</UniqueIdentifier>
    </Filter>
    <Filter Include="Source files\Streams">
      <UniqueIdentifier>{27f0df5a-c362-4ed9-a8de-da5c9e50138b}</UniqueIdentifier>
    </Filter>
  </ItemGroup>
  <ItemGroup>
    <None Include="flags.mak" />
    <None Include="Makefile" />
    <None Include="packages.config" />
    <None Include="simustore.cfg" />
  </ItemGroup>
  <ItemGroup>
    <ClCompile Include="main.cpp">
      <Filter>Source files</Filter>
    </ClCompile>
    <ClCompile Include="StorageServer.cpp">
      <Filter>Source files</Filter>
    </ClCompile>
    <ClCompile Include="ServerSession.cpp">
      <Filter>Source files\Session</Filter>
    </ClCompile>
    <ClCompile Include="ServerSessionManager.cpp">
      <Filter>Source files\Session</Filter>
    </ClCompile>
    <ClCompile Include="ServerStreamBuffer.cpp">
      <Filter>Source files\Streams</Filter>
    </ClCompile>
    <ClCompile Include="ServerStore.cpp">
      <Filter>Source files\Storage</Filter>
    </ClCompile>
    <ClCompile Include="ServerSessionWorker.cpp">
      <Filter>Source files\Session</Filter>
    </ClCompile>
    <ClCompile Include="WorkerPool.cpp">
      <Filter>Source files\Worker</Filter>
    </ClCompile>
    <ClCompile Include="WorkQueue.cpp">
      <Filter>Source files\Worker</Filter>
    </ClCompile>
    <ClCompile Include="simtrace\SimtraceStoreProvider.cpp">
      <Filter>Source files\Storage\Simtrace</Filter>
    </ClCompile>
    <ClCompile Include="simtrace\Simtrace3Store.cpp">
      <Filter>Source files\Storage\Simtrace</Filter>
    </ClCompile>
    <ClCompile Include="ScratchSegment.cpp">
      <Filter>Source files\Streams</Filter>
    </ClCompile>
    <ClCompile Include="ServerStream.cpp">
      <Filter>Source files\Streams</Filter>
    </ClCompile>
    <ClCompile Include="simtrace\Simtrace3Frame.cpp">
      <Filter>Source files\Storage\Simtrace</Filter>
    </ClCompile>
    <ClCompile Include="ServerStoreManager.cpp">
      <Filter>Source files\Storage</Filter>
    </ClCompile>
    <ClCompile Include="simtrace\Simtrace3GenericEncoder.cpp">
      <Filter>Source files\Storage\Simtrace</Filter>
    </ClCompile>
    <ClCompile Include="WorkerStreamWait.cpp">
      <Filter>Source files\Worker</Filter>
    </ClCompile>
    <ClCompile Include="simtrace\Simtrace3Encoder.cpp">
      <Filter>Source files\Storage\Simtrace</Filter>
    </ClCompile>
  </ItemGroup>
  <ItemGroup>
    <ClInclude Include="StorageServer.h">
      <Filter>Header files</Filter>
    </ClInclude>
    <ClInclude Include="ServerSessionManager.h">
      <Filter>Header files\Session</Filter>
    </ClInclude>
    <ClInclude Include="ServerStreamBuffer.h">
      <Filter>Header files\Streams</Filter>
    </ClInclude>
    <ClInclude Include="ServerSessionWorker.h">
      <Filter>Header files\Session</Filter>
    </ClInclude>
    <ClInclude Include="WorkerPool.h">
      <Filter>Header files\Worker</Filter>
    </ClInclude>
    <ClInclude Include="WorkQueue.h">
      <Filter>Header files\Worker</Filter>
    </ClInclude>
    <ClInclude Include="WorkItemBase.h">
      <Filter>Header files\Worker</Filter>
    </ClInclude>
    <ClInclude Include="WorkItem.h">
      <Filter>Header files\Worker</Filter>
    </ClInclude>
    <ClInclude Include="ServerSession.h">
      <Filter>Header files\Session</Filter>
    </ClInclude>
    <ClInclude Include="simtrace\FileHeader.h">
      <Filter>Header files\Storage\Simtrace</Filter>
    </ClInclude>
    <ClInclude Include="simtrace\SimtraceStoreProvider.h">
      <Filter>Header files\Storage\Simtrace</Filter>
    </ClInclude>
    <ClInclude Include="ServerStore.h">
      <Filter>Header files\Storage</Filter>
    </ClInclude>
    <ClInclude Include="StreamEncoder.h">
      <Filter>Header files\Storage</Filter>
    </ClInclude>
    <ClInclude Include="simtrace\Simtrace3Store.h">
      <Filter>Header files\Storage\Simtrace</Filter>
    </ClInclude>
    <ClInclude Include="simtrace\Simtrace3Format.h">
      <Filter>Header files\Storage\Simtrace</Filter>
    </ClInclude>
    <ClInclude Include="ScratchSegment.h">
      <Filter>Header files\Streams</Filter>
    </ClInclude>
    <ClInclude Include="ServerStream.h">
      <Filter>Header files\Streams</Filter>
    </ClInclude>
    <ClInclude Include="StorageServerOptions.h">
      <Filter>Header files</Filter>
    </ClInclude>
    <ClInclude Include="simtrace\Simtrace3Frame.h">
      <Filter>Header files\Storage\Simtrace</Filter>
    </ClInclude>
    <ClInclude Include="simtrace\VPC4\ValuePredictor.h">
      <Filter>Header files\Storage\Simtrace\vpc4</Filter>
    </ClInclude>
    <ClInclude Include="simtrace\VPC4\Predictor.h">
      <Filter>Header files\Storage\Simtrace\vpc4</Filter>
    </ClInclude>
    <ClInclude Include="simtrace\VPC4\FiniteContextMethodPredictor.h">
      <Filter>Header files\Storage\Simtrace\vpc4</Filter>
    </ClInclude>
    <ClInclude Include="simtrace\Simtrace3MemoryEncoder.h">
      <Filter>Header files\Storage\Simtrace</Filter>
    </ClInclude>
    <ClInclude Include="simtrace\Simtrace3Encoder.h">
      <Filter>Header files\Storage\Simtrace</Filter>
    </ClInclude>
    <ClInclude Include="ServerStoreManager.h">
      <Filter>Header files\Storage</Filter>
    </ClInclude>
    <ClInclude Include="simtrace\VPC4\IpPredictor.h">
      <Filter>Header files\Storage\Simtrace\vpc4</Filter>
    </ClInclude>
    <ClInclude Include="simtrace\VPC4\FiniteContextMethodHistory.h">
      <Filter>Header files\Storage\Simtrace\vpc4</Filter>
    </ClInclude>
    <ClInclude Include="simtrace\VPC4\KeyedLastNValuePredictor.h">
      <Filter>Header files\Storage\Simtrace\vpc4</Filter>
    </ClInclude>
    <ClInclude Include="simtrace\ProfileSimtrace3GenericEncoder.h">
      <Filter>Header files\Storage\Simtrace</Filter>
    </ClInclude>
    <ClInclude Include="simtrace\Simtrace3GenericEncoder.h">
      <Filter>Header files\Storage\Simtrace</Filter>
    </ClInclude>
    <ClInclude Include="simtrace\VPC4\CyclePredictor.h">
      <Filter>Header files\Storage\Simtrace\vpc4</Filter>
    </ClInclude>
    <ClInclude Include="simtrace\VPC4\CompoundPredictor.h">
      <Filter>Header files\Storage\Simtrace\vpc4</Filter>
    </ClInclude>
    <ClInclude Include="WorkerStreamWait.h">
      <Filter>Header files\Worker</Filter>
    </ClInclude>
  </ItemGroup>
</Project>