Microsoft Visual Studio Solution File, Format Version 12.00
# Visual Studio 2013
VisualStudioVersion = 12.0.30501.0
MinimumVisualStudioVersion = 10.0.40219.1
Project("{8BC9CEB8-8B4A-11D0-8D11-00A0C91BC942}") = "storageserver", "simutrace\storageserver\storageserver.vcxproj", "{438F3663-F45F-49DB-90AE-DA3F2F22DEA4}"
	ProjectSection(ProjectDependencies) = postProject
		{6A710EAF-E971-4D71-953E-0FCF23B814F2} = {6A710EAF-E971-4D71-953E-0FCF23B814F2}
		{8184DDD5-D3F9-455A-9126-1C9A0BF83AA7} = {8184DDD5-D3F9-455A-9126-1C9A0BF83AA7}
	EndProjectSection
EndProject
Project("{8BC9CEB8-8B4A-11D0-8D11-00A0C91BC942}") = "libsimustor", "simutrace\libsimustor\libsimustor.vcxproj", "{8184DDD5-D3F9-455A-9126-1C9A0BF83AA7}"
	ProjectSection(ProjectDependencies) = postProject
		{6A710EAF-E971-4D71-953E-0FCF23B814F2} = {6A710EAF-E971-4D71-953E-0FCF23B814F2}
	EndProjectSection
EndProject
Project("{8BC9CEB8-8B4A-11D0-8D11-00A0C91BC942}") = "simpleclient", "samples\simpleclient\simpleclient.vcxproj", "{FE09704F-E822-4B06-BF9E-A69DA8D38A47}"
	ProjectSection(ProjectDependencies) = postProject
		{4E69DBEE-A9C1-4F6C-BB9C-C01224003D2E} = {4E69DBEE-A9C1-4F6C-BB9C-C01224003D2E}
	EndProjectSection
EndProject
Project("{8BC9CEB8-8B4A-11D0-8D11-00A0C91BC942}") = "libsimubase", "simutrace\libsimubase\libsimubase.vcxproj", "{6A710EAF-E971-4D71-953E-0FCF23B814F2}"
EndProject
Project("{8BC9CEB8-8B4A-11D0-8D11-00A0C91BC942}") = "libsimutrace", "simutrace\libsimutrace\libsimutrace.vcxproj", "{4E69DBEE-A9C1-4F6C-BB9C-C01224003D2E}"
	ProjectSection(ProjectDependencies) = postProject
		{6A710EAF-E971-4D71-953E-0FCF23B814F2} = {6A710EAF-E971-4D71-953E-0FCF23B814F2}
		{8184DDD5-D3F9-455A-9126-1C9A0BF83AA7} = {8184DDD5-D3F9-455A-9126-1C9A0BF83AA7}
	EndProjectSection
EndProject
Project("{2150E333-8FDC-42A3-9474-1A3956D46DE8}") = "Samples", "Samples", "{4F398774-EC59-4FDE-8BF9-59D1CCF7BCCF}"
EndProject
Project("{8BC9CEB8-8B4A-11D0-8D11-00A0C91BC942}") = "storemon", "samples\storemon\storemon.vcxproj", "{A541B7BC-FFCF-4C73-9170-BFA61C57FFE6}"
EndProject
Global
	GlobalSection(SolutionConfigurationPlatforms) = preSolution
		Debug-Windows|x64 = Debug-Windows|x64
		Release-Windows|x64 = Release-Windows|x64
	EndGlobalSection
	GlobalSection(ProjectConfigurationPlatforms) = postSolution
		{438F3663-F45F-49DB-90AE-DA3F2F22DEA4}.Debug-Windows|x64.ActiveCfg = Debug-Windows|x64
		{438F3663-F45F-49DB-90AE-DA3F2F22DEA4}.Debug-Windows|x64.Build.0 = Debug-Windows|x64
		{438F3663-F45F-49DB-90AE-DA3F2F22DEA4}.Release-Windows|x64.ActiveCfg = Release-Windows|x64
		{438F3663-F45F-49DB-90AE-DA3F2F22DEA4}.Release-Windows|x64.Build.0 = Release-Windows|x64
		{8184DDD5-D3F9-455A-9126-1C9A0BF83AA7}.Debug-Windows|x64.ActiveCfg = Debug-Windows|x64
		{8184DDD5-D3F9-455A-9126-1C9A0BF83AA7}.Debug-Windows|x64.Build.0 = Debug-Windows|x64
		{8184DDD5-D3F9-455A-9126-1C9A0BF83AA7}.Release-Windows|x64.ActiveCfg = Release-Windows|x64
		{8184DDD5-D3F9-455A-9126-1C9A0BF83AA7}.Release-Windows|x64.Build.0 = Release-Windows|x64
		{FE09704F-E822-4B06-BF9E-A69DA8D38A47}.Debug-Windows|x64.ActiveCfg = Debug-Windows|x64
		{FE09704F-E822-4B06-BF9E-A69DA8D38A47}.Debug-Windows|x64.Build.0 = Debug-Windows|x64
		{FE09704F-E822-4B06-BF9E-A69DA8D38A47}.Release-Windows|x64.ActiveCfg = Release-Windows|x64
		{FE09704F-E822-4B06-BF9E-A69DA8D38A47}.Release-Windows|x64.Build.0 = Release-Windows|x64
		{6A710EAF-E971-4D71-953E-0FCF23B814F2}.Debug-Windows|x64.ActiveCfg = Debug-Windows|x64
		{6A710EAF-E971-4D71-953E-0FCF23B814F2}.Debug-Windows|x64.Build.0 = Debug-Windows|x64
		{6A710EAF-E971-4D71-953E-0FCF23B814F2}.Release-Windows|x64.ActiveCfg = Release-Windows|x64
		{6A710EAF-E971-4D71-953E-0FCF23B814F2}.Release-Windows|x64.Build.0 = Release-Windows|x64
		{4E69DBEE-A9C1-4F6C-BB9C-C01224003D2E}.Debug-Windows|x64.ActiveCfg = Debug-Windows|x64
		{4E69DBEE-A9C1-4F6C-BB9C-C01224003D2E}.Debug-Windows|x64.Build.0 = Debug-Windows|x64
		{4E69DBEE-A9C1-4F6C-BB9C-C01224003D2E}.Release-Windows|x64.ActiveCfg = Release-Windows|x64
		{4E69DBEE-A9C1-4F6C-BB9C-C01224003D2E}.Release-Windows|x64.Build.0 = Release-Windows|x64
		{A541B7BC-FFCF-4C73-9170-BFA61C57FFE6}.Debug|x64.ActiveCfg = Debug|x64
		{A541B7BC-FFCF-4C73-9170-BFA61C57FFE6}.Debug|x64.Build.0 = Debug|x64
		{A541B7BC-FFCF-4C73-9170-BFA61C57FFE6}.Debug-Windows|x64.ActiveCfg = Debug-Windows|x64
		{A541B7BC-FFCF-4C73-9170-BFA61C57FFE6}.Debug-Windows|x64.Build.0 = Debug-Windows|x64
		{A541B7BC-FFCF-4C73-9170-BFA61C57FFE6}.Release|x64.ActiveCfg = Release|x64
		{A541B7BC-FFCF-4C73-9170-BFA61C57FFE6}.Release|x64.Build.0 = Release|x64
		{A541B7BC-FFCF-4C73-9170-BFA61C57FFE6}.Release-Windows|x64.ActiveCfg = Release-Windows|x64
		{A541B7BC-FFCF-4C73-9170-BFA61C57FFE6}.Release-Windows|x64.Build.0 = Release-Windows|x64
	EndGlobalSection
	GlobalSection(SolutionProperties) = preSolution
		HideSolutionNode = FALSE
	EndGlobalSection
	GlobalSection(NestedProjects) = preSolution
		{FE09704F-E822-4B06-BF9E-A69DA8D38A47} = {4F398774-EC59-4FDE-8BF9-59D1CCF7BCCF}
		{A541B7BC-FFCF-4C73-9170-BFA61C57FFE6} = {4F398774-EC59-4FDE-8BF9-59D1CCF7BCCF}
	EndGlobalSection
EndGlobal
