<?xml version="1.0" encoding="utf-8"?>
<Project ToolsVersion="4.0" xmlns="http://schemas.microsoft.com/developer/msbuild/2003">
  <ItemGroup>
    <Filter Include="Source files">
      <UniqueIdentifier>{6664e3cf-eaa5-42f6-8096-ff0bf427fddc}</UniqueIdentifier>
      <Extensions>cpp;c;cc;cxx;def;odl;idl;hpj;bat;asm;asmx</Extensions>
    </Filter>
    <Filter Include="Header files">
      <UniqueIdentifier>{e75483ec-89d5-45bc-8a02-d7dc4dbd709f}</UniqueIdentifier>
      <Extensions>h;hpp;hxx;hm;inl;inc;xsd</Extensions>
    </Filter>
    <Filter Include="Resource files">
      <UniqueIdentifier>{d1c23bdc-a977-4c22-bf55-5f5565daa1e8}</UniqueIdentifier>
      <Extensions>rc;ico;cur;bmp;dlg;rc2;rct;bin;rgs;gif;jpg;jpeg;jpe;resx;tiff;tif;png;wav</Extensions>
    </Filter>
    <Filter Include="Header files\Public">
      <UniqueIdentifier>{309358fe-a760-4e59-80e3-dde969599f95}</UniqueIdentifier>
    </Filter>
    <Filter Include="Source files\Time">
      <UniqueIdentifier>{67ad7f02-b095-4c50-9e16-293e60883e35}</UniqueIdentifier>
    </Filter>
    <Filter Include="Source files\Memory">
      <UniqueIdentifier>{6099d021-9e20-482f-be74-4634c2a15765}</UniqueIdentifier>
    </Filter>
    <Filter Include="Header files\Public\Time">
      <UniqueIdentifier>{1860e2a5-80eb-4b46-8b12-ab03a381cc3a}</UniqueIdentifier>
    </Filter>
    <Filter Include="Header files\Public\Memory">
      <UniqueIdentifier>{e6bec895-1b89-4ef7-8f55-90426684f0d8}</UniqueIdentifier>
    </Filter>
    <Filter Include="Header files\Public\Threading">
      <UniqueIdentifier>{90a92656-0a58-4c53-9d39-4e073b9e3a9a}</UniqueIdentifier>
    </Filter>
    <Filter Include="Source files\Threading">
      <UniqueIdentifier>{77aa1a2b-3240-4bea-bd94-dc20c304f2de}</UniqueIdentifier>
    </Filter>
    <Filter Include="Source files\Communication">
      <UniqueIdentifier>{ee3c1c93-a6b3-4b59-bb65-39724487888d}</UniqueIdentifier>
    </Filter>
    <Filter Include="Header files\Public\Communication">
      <UniqueIdentifier>{bb8b6d9d-299a-466f-832e-e7ceaba3e192}</UniqueIdentifier>
    </Filter>
    <Filter Include="Source files\Communication\Channels">
      <UniqueIdentifier>{21d1f9bc-4880-491e-82b1-5881802e2995}</UniqueIdentifier>
    </Filter>
    <Filter Include="Header files\Communication">
      <UniqueIdentifier>{e69b3c3b-1871-4ddd-9a0b-a29d7de8f35d}</UniqueIdentifier>
    </Filter>
    <Filter Include="Header files\Communication\Channels">
      <UniqueIdentifier>{7cc9511d-b7f9-4998-98f6-6ccbc75ff791}</UniqueIdentifier>
    </Filter>
    <Filter Include="Source files\Logging">
      <UniqueIdentifier>{3eaf7080-733f-43f4-8d59-667c2ebe57c5}</UniqueIdentifier>
    </Filter>
    <Filter Include="Header files\Public\Logging">
      <UniqueIdentifier>{783e3179-f8ae-404b-a707-e002ea19ed9d}</UniqueIdentifier>
    </Filter>
    <Filter Include="Source files\IO">
      <UniqueIdentifier>{a6b62249-34f7-4b78-84ac-f21eb5172bd0}</UniqueIdentifier>
    </Filter>
    <Filter Include="Header files\Public\IO">
      <UniqueIdentifier>{9183be7d-bb26-44f6-8068-ebdf8df2c76a}</UniqueIdentifier>
    </Filter>
    <Filter Include="Header files\Public\Profiling">
      <UniqueIdentifier>{488543ca-3795-43fa-b51e-bc52ea92b334}</UniqueIdentifier>
    </Filter>
    <Filter Include="Source files\Profiling">
      <UniqueIdentifier>{cf9bc951-f88a-4b9f-ade0-54f5567742f5}</UniqueIdentifier>
    </Filter>
    <Filter Include="Header files\Public\Compression">
      <UniqueIdentifier>{0242e4da-32a9-41a0-ace9-3d8df5b20d15}</UniqueIdentifier>
    </Filter>
    <Filter Include="Header files\Compression">
      <UniqueIdentifier>{e47123af-a303-40c1-ab4a-40eaf42b6c8e}</UniqueIdentifier>
    </Filter>
    <Filter Include="Source files\Compression">
      <UniqueIdentifier>{54a8ef4c-6eee-4cbd-9eec-ba5b61adaf33}</UniqueIdentifier>
    </Filter>
    <Filter Include="Source files\Compression\lzma">
      <UniqueIdentifier>{4b021363-2ef7-40b8-8ae0-d7b5a6c22aa4}</UniqueIdentifier>
    </Filter>
    <Filter Include="Header files\Compression\lz4">
      <UniqueIdentifier>{bb25a7ca-c256-4c8a-bff5-13e62b795b9c}</UniqueIdentifier>
    </Filter>
    <Filter Include="Header files\Compression\lzma">
      <UniqueIdentifier>{ee7e8a40-5eb7-429c-ad23-33491cc20c45}</UniqueIdentifier>
    </Filter>
    <Filter Include="Header files\Compression\zlib">
      <UniqueIdentifier>{46d5dccf-1634-4f68-9fd3-4b3889ad9726}</UniqueIdentifier>
    </Filter>
    <Filter Include="Header files\Compression\bzip2">
      <UniqueIdentifier>{14071c7e-120d-4eb2-a0f2-920dda55dd2c}</UniqueIdentifier>
    </Filter>
    <Filter Include="Header files\Public\Hashing">
      <UniqueIdentifier>{c5897d35-cd14-4c86-9bc6-3ec5e141653d}</UniqueIdentifier>
    </Filter>
    <Filter Include="Source files\Hashing">
      <UniqueIdentifier>{d93c7f45-ac6f-4f87-962b-280afba41b50}</UniqueIdentifier>
    </Filter>
    <Filter Include="Header files\Public\Hashing\murmur3">
      <UniqueIdentifier>{31b33be0-6d20-4a31-ad05-dafee037c20d}</UniqueIdentifier>
    </Filter>
    <Filter Include="Source files\Hashing\murmur3">
      <UniqueIdentifier>{65959683-1fcc-4e5f-8bff-7b98df6982d3}</UniqueIdentifier>
    </Filter>
  </ItemGroup>
  <ItemGroup>
    <ClCompile Include="Utils.cpp">
      <Filter>Source files</Filter>
    </ClCompile>
    <ClCompile Include="ReaderWriterLock.cpp">
      <Filter>Source files\Threading</Filter>
    </ClCompile>
    <ClCompile Include="CriticalSection.cpp">
      <Filter>Source files\Threading</Filter>
    </ClCompile>
    <ClCompile Include="Clock.cpp">
      <Filter>Source files\Time</Filter>
    </ClCompile>
    <ClCompile Include="StopWatch.cpp">
      <Filter>Source files\Time</Filter>
    </ClCompile>
    <ClCompile Include="Exceptions.cpp">
      <Filter>Source files</Filter>
    </ClCompile>
    <ClCompile Include="FileBackedMemorySegment.cpp">
      <Filter>Source files\Memory</Filter>
    </ClCompile>
    <ClCompile Include="MemorySegment.cpp">
      <Filter>Source files\Memory</Filter>
    </ClCompile>
    <ClCompile Include="PrivateMemorySegment.cpp">
      <Filter>Source files\Memory</Filter>
    </ClCompile>
    <ClCompile Include="SharedMemorySegment.cpp">
      <Filter>Source files\Memory</Filter>
    </ClCompile>
    <ClCompile Include="Event.cpp">
      <Filter>Source files\Threading</Filter>
    </ClCompile>
    <ClCompile Include="Port.cpp">
      <Filter>Source files\Communication</Filter>
    </ClCompile>
    <ClCompile Include="Channel.cpp">
      <Filter>Source files\Communication</Filter>
    </ClCompile>
    <ClCompile Include="ServerPort.cpp">
      <Filter>Source files\Communication</Filter>
    </ClCompile>
    <ClCompile Include="ClientPort.cpp">
      <Filter>Source files\Communication</Filter>
    </ClCompile>
    <ClCompile Include="LocalChannel.cpp">
      <Filter>Source files\Communication\Channels</Filter>
    </ClCompile>
    <ClCompile Include="SocketChannel.cpp">
      <Filter>Source files\Communication\Channels</Filter>
    </ClCompile>
    <ClCompile Include="RpcInterface.cpp">
      <Filter>Source files\Communication</Filter>
    </ClCompile>
    <ClCompile Include="MemoryHelpers.cpp">
      <Filter>Source files\Memory</Filter>
    </ClCompile>
    <ClCompile Include="ChannelProvider.cpp">
      <Filter>Source files\Communication</Filter>
    </ClCompile>
    <ClCompile Include="ThreadBase.cpp">
      <Filter>Source files\Threading</Filter>
    </ClCompile>
    <ClCompile Include="LogAppender.cpp">
      <Filter>Source files\Logging</Filter>
    </ClCompile>
    <ClCompile Include="LogEvent.cpp">
      <Filter>Source files\Logging</Filter>
    </ClCompile>
    <ClCompile Include="SimpleLogLayout.cpp">
      <Filter>Source files\Logging</Filter>
    </ClCompile>
    <ClCompile Include="LogCategory.cpp">
      <Filter>Source files\Logging</Filter>
    </ClCompile>
    <ClCompile Include="OstreamLogAppender.cpp">
      <Filter>Source files\Logging</Filter>
    </ClCompile>
    <ClCompile Include="PatternLogLayout.cpp">
      <Filter>Source files\Logging</Filter>
    </ClCompile>
    <ClCompile Include="LogPriority.cpp">
      <Filter>Source files\Logging</Filter>
    </ClCompile>
    <ClCompile Include="TerminalLogAppender.cpp">
      <Filter>Source files\Logging</Filter>
    </ClCompile>
    <ClCompile Include="Directory.cpp">
      <Filter>Source files\IO</Filter>
    </ClCompile>
    <ClCompile Include="File.cpp">
      <Filter>Source files\IO</Filter>
    </ClCompile>
    <ClCompile Include="Environment.cpp">
      <Filter>Source files</Filter>
    </ClCompile>
    <ClCompile Include="Configuration.cpp">
      <Filter>Source files</Filter>
    </ClCompile>
    <ClCompile Include="main.cpp">
      <Filter>Source files</Filter>
    </ClCompile>
    <ClCompile Include="ConditionVariable.cpp">
      <Filter>Source files\Threading</Filter>
    </ClCompile>
    <ClCompile Include="Profiler.cpp">
      <Filter>Source files\Profiling</Filter>
    </ClCompile>
    <ClCompile Include="lzma\Alloc.c">
      <Filter>Source files\Compression\lzma</Filter>
    </ClCompile>
    <ClCompile Include="lzma\LzFind.c">
      <Filter>Source files\Compression\lzma</Filter>
    </ClCompile>
    <ClCompile Include="lzma\LzmaDec.c">
      <Filter>Source files\Compression\lzma</Filter>
    </ClCompile>
    <ClCompile Include="lzma\LzmaEnc.c">
      <Filter>Source files\Compression\lzma</Filter>
    </ClCompile>
    <ClCompile Include="lzma\LzmaLib.c">
      <Filter>Source files\Compression\lzma</Filter>
    </ClCompile>
    <ClCompile Include="Compression.cpp">
      <Filter>Source files\Compression</Filter>
    </ClCompile>
    <ClCompile Include="Hash.cpp">
      <Filter>Source files\Hashing</Filter>
    </ClCompile>
    <ClCompile Include="murmurhash3\MurmurHash3.cpp">
      <Filter>Source files\Hashing\murmur3</Filter>
    </ClCompile>
    <ClCompile Include="Interlocked.cpp">
      <Filter>Source files\Threading</Filter>
    </ClCompile>
    <ClCompile Include="SafeHandle.cpp">
      <Filter>Source files</Filter>
    </ClCompile>
  </ItemGroup>
  <ItemGroup>
    <ClInclude Include="..\include\SimuBase.h">
      <Filter>Header files\Public</Filter>
    </ClInclude>
    <ClInclude Include="..\include\SimuPlatform.h">
      <Filter>Header files\Public</Filter>
    </ClInclude>
    <ClInclude Include="LocalChannel.h">
      <Filter>Header files\Communication\Channels</Filter>
    </ClInclude>
    <ClInclude Include="SocketChannel.h">
      <Filter>Header files\Communication\Channels</Filter>
    </ClInclude>
    <ClInclude Include="Channel.h">
      <Filter>Header files\Communication</Filter>
    </ClInclude>
    <ClInclude Include="..\include\simubase\MemorySegment.h">
      <Filter>Header files\Public\Memory</Filter>
    </ClInclude>
    <ClInclude Include="..\include\simubase\FileBackedMemorySegment.h">
      <Filter>Header files\Public\Memory</Filter>
    </ClInclude>
    <ClInclude Include="..\include\simubase\SharedMemorySegment.h">
      <Filter>Header files\Public\Memory</Filter>
    </ClInclude>
    <ClInclude Include="..\include\simubase\PrivateMemorySegment.h">
      <Filter>Header files\Public\Memory</Filter>
    </ClInclude>
    <ClInclude Include="..\include\simubase\CriticalSection.h">
      <Filter>Header files\Public\Threading</Filter>
    </ClInclude>
    <ClInclude Include="..\include\simubase\Event.h">
      <Filter>Header files\Public\Threading</Filter>
    </ClInclude>
    <ClInclude Include="..\include\simubase\ReaderWriterLock.h">
      <Filter>Header files\Public\Threading</Filter>
    </ClInclude>
    <ClInclude Include="..\include\simubase\ServerPort.h">
      <Filter>Header files\Public\Communication</Filter>
    </ClInclude>
    <ClInclude Include="..\include\simubase\Port.h">
      <Filter>Header files\Public\Communication</Filter>
    </ClInclude>
    <ClInclude Include="..\include\simubase\ClientPort.h">
      <Filter>Header files\Public\Communication</Filter>
    </ClInclude>
    <ClInclude Include="..\include\simubase\StopWatch.h">
      <Filter>Header files\Public\Time</Filter>
    </ClInclude>
    <ClInclude Include="..\include\simubase\Clock.h">
      <Filter>Header files\Public\Time</Filter>
    </ClInclude>
    <ClInclude Include="..\include\simubase\Exceptions.h">
      <Filter>Header files\Public</Filter>
    </ClInclude>
    <ClInclude Include="..\include\simubase\RpcInterface.h">
      <Filter>Header files\Public\Communication</Filter>
    </ClInclude>
    <ClInclude Include="..\include\simubase\Utils.h">
      <Filter>Header files\Public</Filter>
    </ClInclude>
    <ClInclude Include="..\include\simubase\MemoryHelpers.h">
      <Filter>Header files\Public\Memory</Filter>
    </ClInclude>
    <ClInclude Include="..\include\SimuBaseTypes.h">
      <Filter>Header files\Public</Filter>
    </ClInclude>
    <ClInclude Include="ChannelProvider.h">
      <Filter>Header files\Communication</Filter>
    </ClInclude>
    <ClInclude Include="..\include\simubase\IdAllocator.h">
      <Filter>Header files\Public</Filter>
    </ClInclude>
    <ClInclude Include="..\include\simubase\LockRegion.h">
      <Filter>Header files\Public\Threading</Filter>
    </ClInclude>
    <ClInclude Include="..\include\simubase\ReaderWriterLockRegion.h">
      <Filter>Header files\Public\Threading</Filter>
    </ClInclude>
    <ClInclude Include="..\include\simubase\ThreadBase.h">
      <Filter>Header files\Public\Threading</Filter>
    </ClInclude>
    <ClInclude Include="..\include\simubase\Thread.h">
      <Filter>Header files\Public\Threading</Filter>
    </ClInclude>
    <ClInclude Include="..\include\simubase\Logging.h">
      <Filter>Header files\Public\Logging</Filter>
    </ClInclude>
    <ClInclude Include="..\include\simubase\LogCategory.h">
      <Filter>Header files\Public\Logging</Filter>
    </ClInclude>
    <ClInclude Include="..\include\simubase\LogPriority.h">
      <Filter>Header files\Public\Logging</Filter>
    </ClInclude>
    <ClInclude Include="..\include\simubase\LogLayout.h">
      <Filter>Header files\Public\Logging</Filter>
    </ClInclude>
    <ClInclude Include="..\include\simubase\SimpleLogLayout.h">
      <Filter>Header files\Public\Logging</Filter>
    </ClInclude>
    <ClInclude Include="..\include\simubase\LogEvent.h">
      <Filter>Header files\Public\Logging</Filter>
    </ClInclude>
    <ClInclude Include="..\include\simubase\LogAppender.h">
      <Filter>Header files\Public\Logging</Filter>
    </ClInclude>
    <ClInclude Include="..\include\simubase\OstreamLogAppender.h">
      <Filter>Header files\Public\Logging</Filter>
    </ClInclude>
    <ClInclude Include="..\include\simubase\PatternLogLayout.h">
      <Filter>Header files\Public\Logging</Filter>
    </ClInclude>
    <ClInclude Include="..\include\simubase\TerminalLogAppender.h">
      <Filter>Header files\Public\Logging</Filter>
    </ClInclude>
    <ClInclude Include="..\include\simubase\SimuBaseOptions.h">
      <Filter>Header files\Public</Filter>
    </ClInclude>
    <ClInclude Include="..\include\simubase\Directory.h">
      <Filter>Header files\Public\IO</Filter>
    </ClInclude>
    <ClInclude Include="..\include\simubase\File.h">
      <Filter>Header files\Public\IO</Filter>
    </ClInclude>
    <ClInclude Include="..\include\simubase\Configuration.h">
      <Filter>Header files\Public</Filter>
    </ClInclude>
    <ClInclude Include="..\include\simubase\Environment.h">
      <Filter>Header files\Public</Filter>
    </ClInclude>
    <ClInclude Include="..\include\SimuBaseLibraries.h">
      <Filter>Header files\Public</Filter>
    </ClInclude>
    <ClInclude Include="..\include\simubase\ConditionVariable.h">
      <Filter>Header files\Public\Threading</Filter>
    </ClInclude>
    <ClInclude Include="..\include\simubase\WaitContext.h">
      <Filter>Header files\Public\Threading</Filter>
    </ClInclude>
    <ClInclude Include="..\include\Version.h">
      <Filter>Header files</Filter>
    </ClInclude>
    <ClInclude Include="..\include\simubase\ProfileEntry.h">
      <Filter>Header files\Public\Profiling</Filter>
    </ClInclude>
    <ClInclude Include="..\include\simubase\Profiler.h">
      <Filter>Header files\Public\Profiling</Filter>
    </ClInclude>
    <ClInclude Include="..\include\simubase\FastDelegate.h">
      <Filter>Header files\Public\Profiling</Filter>
    </ClInclude>
    <ClInclude Include="lz4\lz4.h">
      <Filter>Header files\Compression\lz4</Filter>
    </ClInclude>
    <ClInclude Include="lzma\Alloc.h">
      <Filter>Header files\Compression\lzma</Filter>
    </ClInclude>
    <ClInclude Include="lzma\LzFind.h">
      <Filter>Header files\Compression\lzma</Filter>
    </ClInclude>
    <ClInclude Include="lzma\LzHash.h">
      <Filter>Header files\Compression\lzma</Filter>
    </ClInclude>
    <ClInclude Include="lzma\LzmaDec.h">
      <Filter>Header files\Compression\lzma</Filter>
    </ClInclude>
    <ClInclude Include="lzma\LzmaEnc.h">
      <Filter>Header files\Compression\lzma</Filter>
    </ClInclude>
    <ClInclude Include="lzma\LzmaLib.h">
      <Filter>Header files\Compression\lzma</Filter>
    </ClInclude>
    <ClInclude Include="lzma\Types.h">
      <Filter>Header files\Compression\lzma</Filter>
    </ClInclude>
    <ClInclude Include="..\include\simubase\Compression.h">
      <Filter>Header files\Public\Compression</Filter>
    </ClInclude>
    <ClInclude Include="bzip2\bzlib.h">
      <Filter>Header files\Compression\bzip2</Filter>
    </ClInclude>
    <ClInclude Include="bzip2\bzlib_private.h">
      <Filter>Header files\Compression\bzip2</Filter>
    </ClInclude>
    <ClInclude Include="..\include\simubase\Hash.h">
      <Filter>Header files\Public\Hashing</Filter>
    </ClInclude>
    <ClInclude Include="murmurhash3\MurmurHash3.h">
      <Filter>Header files\Public\Hashing\murmur3</Filter>
    </ClInclude>
    <ClInclude Include="..\include\simubase\Interlocked.h">
      <Filter>Header files\Public\Threading</Filter>
    </ClInclude>
    <ClInclude Include="..\include\simubase\SafeHandle.h">
      <Filter>Header files\Public</Filter>
    </ClInclude>
  </ItemGroup>
  <ItemGroup>
    <None Include="flags.mak" />
    <None Include="Makefile" />
    <None Include="packages.config" />
  </ItemGroup>
</Project>